// !$*UTF8*$!
{
	archiveVersion = 1;
	classes = {
	};
	objectVersion = 46;
	objects = {

/* Begin PBXBuildFile section */
		A73EC8C119C10A3D00B9153A /* UIKit.framework in Frameworks */ = {isa = PBXBuildFile; fileRef = A73EC8C019C10A3D00B9153A /* UIKit.framework */; };
		A73EC8C319C10A3D00B9153A /* Foundation.framework in Frameworks */ = {isa = PBXBuildFile; fileRef = A73EC8C219C10A3D00B9153A /* Foundation.framework */; };
		A73EC8C519C10A3D00B9153A /* CoreGraphics.framework in Frameworks */ = {isa = PBXBuildFile; fileRef = A73EC8C419C10A3D00B9153A /* CoreGraphics.framework */; };
		A73EC8CB19C10A3D00B9153A /* InfoPlist.strings in Resources */ = {isa = PBXBuildFile; fileRef = A73EC8C919C10A3D00B9153A /* InfoPlist.strings */; };
		A73EC8CD19C10A3D00B9153A /* main.m in Sources */ = {isa = PBXBuildFile; fileRef = A73EC8CC19C10A3D00B9153A /* main.m */; };
		A73EC8D119C10A3D00B9153A /* PrincipalAppDelegate.m in Sources */ = {isa = PBXBuildFile; fileRef = A73EC8D019C10A3D00B9153A /* PrincipalAppDelegate.m */; };
		A73EC8D519C10A3D00B9153A /* Default@2x.png in Resources */ = {isa = PBXBuildFile; fileRef = A73EC8D419C10A3D00B9153A /* Default@2x.png */; };
		A73EC8D719C10A3E00B9153A /* Default-568h@2x.png in Resources */ = {isa = PBXBuildFile; fileRef = A73EC8D619C10A3E00B9153A /* Default-568h@2x.png */; };
		A73EC8DA19C10A3E00B9153A /* MainStoryboard.storyboard in Resources */ = {isa = PBXBuildFile; fileRef = A73EC8D819C10A3E00B9153A /* MainStoryboard.storyboard */; };
		A73EC8DD19C10A3E00B9153A /* PrincipalViewController.m in Sources */ = {isa = PBXBuildFile; fileRef = A73EC8DC19C10A3E00B9153A /* PrincipalViewController.m */; };
		AA11AC2919E1B4D200A9B067 /* ServicosViewController.m in Sources */ = {isa = PBXBuildFile; fileRef = AA11AC2819E1B4D200A9B067 /* ServicosViewController.m */; };
		AA11AC2B19E1C26200A9B067 /* kylie.jpg in Resources */ = {isa = PBXBuildFile; fileRef = AA11AC2A19E1C26200A9B067 /* kylie.jpg */; };
		AA4B100619E2E09E000111C5 /* Images.xcassets in Resources */ = {isa = PBXBuildFile; fileRef = AA4B100519E2E09E000111C5 /* Images.xcassets */; };
		AACF268A19D9ABC100DCC094 /* GoogleMaps.framework in Frameworks */ = {isa = PBXBuildFile; fileRef = AACF268919D9ABC100DCC094 /* GoogleMaps.framework */; };
		AACF268C19D9ABEC00DCC094 /* GoogleMaps.bundle in Resources */ = {isa = PBXBuildFile; fileRef = AACF268B19D9ABEC00DCC094 /* GoogleMaps.bundle */; };
		AACF268E19D9AC1E00DCC094 /* AVFoundation.framework in Frameworks */ = {isa = PBXBuildFile; fileRef = AACF268D19D9AC1E00DCC094 /* AVFoundation.framework */; };
		AACF269019D9AC2C00DCC094 /* CoreData.framework in Frameworks */ = {isa = PBXBuildFile; fileRef = AACF268F19D9AC2C00DCC094 /* CoreData.framework */; };
		AACF269219D9AC4200DCC094 /* CoreText.framework in Frameworks */ = {isa = PBXBuildFile; fileRef = AACF269119D9AC4200DCC094 /* CoreText.framework */; };
		AACF269419D9AC5300DCC094 /* GLKit.framework in Frameworks */ = {isa = PBXBuildFile; fileRef = AACF269319D9AC5300DCC094 /* GLKit.framework */; };
		AACF269619D9AC5E00DCC094 /* ImageIO.framework in Frameworks */ = {isa = PBXBuildFile; fileRef = AACF269519D9AC5E00DCC094 /* ImageIO.framework */; };
		AACF269819D9AC6900DCC094 /* libc++.dylib in Frameworks */ = {isa = PBXBuildFile; fileRef = AACF269719D9AC6900DCC094 /* libc++.dylib */; };
		AACF269A19D9AC7300DCC094 /* libicucore.dylib in Frameworks */ = {isa = PBXBuildFile; fileRef = AACF269919D9AC7300DCC094 /* libicucore.dylib */; };
		AACF269C19D9AC8500DCC094 /* OpenGLES.framework in Frameworks */ = {isa = PBXBuildFile; fileRef = AACF269B19D9AC8500DCC094 /* OpenGLES.framework */; };
		AACF269F19D9BDB300DCC094 /* GoogleMapsTestViewController.m in Sources */ = {isa = PBXBuildFile; fileRef = AACF269E19D9BDB300DCC094 /* GoogleMapsTestViewController.m */; };
		AACF26A119D9CB3000DCC094 /* Social.framework in Frameworks */ = {isa = PBXBuildFile; fileRef = AACF26A019D9CB3000DCC094 /* Social.framework */; };
		AACF26A319D9CB4500DCC094 /* Accounts.framework in Frameworks */ = {isa = PBXBuildFile; fileRef = AACF26A219D9CB4500DCC094 /* Accounts.framework */; };
		AACF26AA19D9CF6500DCC094 /* FBMissingSymbols.m in Sources */ = {isa = PBXBuildFile; fileRef = AACF26A919D9CF6500DCC094 /* FBMissingSymbols.m */; };
		AAFC2F7219D99B6800169568 /* Default.png in Resources */ = {isa = PBXBuildFile; fileRef = AAFC2F7119D99B6800169568 /* Default.png */; };
		D80D076D19CDCD4900CB1ED6 /* logotipo.png in Resources */ = {isa = PBXBuildFile; fileRef = D80D076C19CDCD4900CB1ED6 /* logotipo.png */; };
		D80D077019CDCFFD00CB1ED6 /* CadastroViewController.m in Sources */ = {isa = PBXBuildFile; fileRef = D80D076F19CDCFFD00CB1ED6 /* CadastroViewController.m */; };
		D8AE62F319D6F91400BA00BA /* Bolts.framework in Frameworks */ = {isa = PBXBuildFile; fileRef = D8AE62F119D6F91400BA00BA /* Bolts.framework */; };
		D8AE62F419D6F91400BA00BA /* Parse.framework in Frameworks */ = {isa = PBXBuildFile; fileRef = D8AE62F219D6F91400BA00BA /* Parse.framework */; };
		D8AE62F619D6F94800BA00BA /* AudioToolbox.framework in Frameworks */ = {isa = PBXBuildFile; fileRef = D8AE62F519D6F94800BA00BA /* AudioToolbox.framework */; };
		D8AE62F819D6F95800BA00BA /* CFNetwork.framework in Frameworks */ = {isa = PBXBuildFile; fileRef = D8AE62F719D6F95800BA00BA /* CFNetwork.framework */; };
		D8AE62FA19D6F97100BA00BA /* CoreLocation.framework in Frameworks */ = {isa = PBXBuildFile; fileRef = D8AE62F919D6F97100BA00BA /* CoreLocation.framework */; };
		D8AE62FC19D6F97F00BA00BA /* libz.dylib in Frameworks */ = {isa = PBXBuildFile; fileRef = D8AE62FB19D6F97F00BA00BA /* libz.dylib */; };
		D8AE62FE19D6F98E00BA00BA /* MobileCoreServices.framework in Frameworks */ = {isa = PBXBuildFile; fileRef = D8AE62FD19D6F98E00BA00BA /* MobileCoreServices.framework */; };
		D8AE630019D6F99900BA00BA /* QuartzCore.framework in Frameworks */ = {isa = PBXBuildFile; fileRef = D8AE62FF19D6F99900BA00BA /* QuartzCore.framework */; };
		D8AE630219D6F9AA00BA00BA /* Security.framework in Frameworks */ = {isa = PBXBuildFile; fileRef = D8AE630119D6F9AA00BA00BA /* Security.framework */; };
		D8AE630419D6F9B500BA00BA /* StoreKit.framework in Frameworks */ = {isa = PBXBuildFile; fileRef = D8AE630319D6F9B500BA00BA /* StoreKit.framework */; };
		D8AE630619D6F9C300BA00BA /* SystemConfiguration.framework in Frameworks */ = {isa = PBXBuildFile; fileRef = D8AE630519D6F9C300BA00BA /* SystemConfiguration.framework */; };
/* End PBXBuildFile section */

/* Begin PBXFileReference section */
		A73EC8BD19C10A3D00B9153A /* mygeosale.app */ = {isa = PBXFileReference; explicitFileType = wrapper.application; includeInIndex = 0; path = mygeosale.app; sourceTree = BUILT_PRODUCTS_DIR; };
		A73EC8C019C10A3D00B9153A /* UIKit.framework */ = {isa = PBXFileReference; lastKnownFileType = wrapper.framework; name = UIKit.framework; path = System/Library/Frameworks/UIKit.framework; sourceTree = SDKROOT; };
		A73EC8C219C10A3D00B9153A /* Foundation.framework */ = {isa = PBXFileReference; lastKnownFileType = wrapper.framework; name = Foundation.framework; path = System/Library/Frameworks/Foundation.framework; sourceTree = SDKROOT; };
		A73EC8C419C10A3D00B9153A /* CoreGraphics.framework */ = {isa = PBXFileReference; lastKnownFileType = wrapper.framework; name = CoreGraphics.framework; path = System/Library/Frameworks/CoreGraphics.framework; sourceTree = SDKROOT; };
		A73EC8C819C10A3D00B9153A /* mygeosale-Info.plist */ = {isa = PBXFileReference; lastKnownFileType = text.plist.xml; path = "mygeosale-Info.plist"; sourceTree = "<group>"; };
		A73EC8CA19C10A3D00B9153A /* en */ = {isa = PBXFileReference; lastKnownFileType = text.plist.strings; name = en; path = en.lproj/InfoPlist.strings; sourceTree = "<group>"; };
		A73EC8CC19C10A3D00B9153A /* main.m */ = {isa = PBXFileReference; lastKnownFileType = sourcecode.c.objc; path = main.m; sourceTree = "<group>"; };
		A73EC8CE19C10A3D00B9153A /* mygeosale-Prefix.pch */ = {isa = PBXFileReference; lastKnownFileType = sourcecode.c.h; path = "mygeosale-Prefix.pch"; sourceTree = "<group>"; };
		A73EC8CF19C10A3D00B9153A /* PrincipalAppDelegate.h */ = {isa = PBXFileReference; lastKnownFileType = sourcecode.c.h; path = PrincipalAppDelegate.h; sourceTree = "<group>"; };
		A73EC8D019C10A3D00B9153A /* PrincipalAppDelegate.m */ = {isa = PBXFileReference; lastKnownFileType = sourcecode.c.objc; path = PrincipalAppDelegate.m; sourceTree = "<group>"; };
		A73EC8D419C10A3D00B9153A /* Default@2x.png */ = {isa = PBXFileReference; lastKnownFileType = image.png; path = "Default@2x.png"; sourceTree = "<group>"; };
		A73EC8D619C10A3E00B9153A /* Default-568h@2x.png */ = {isa = PBXFileReference; lastKnownFileType = image.png; path = "Default-568h@2x.png"; sourceTree = "<group>"; };
		A73EC8D919C10A3E00B9153A /* en */ = {isa = PBXFileReference; lastKnownFileType = file.storyboard; name = en; path = en.lproj/MainStoryboard.storyboard; sourceTree = "<group>"; };
		A73EC8DB19C10A3E00B9153A /* PrincipalViewController.h */ = {isa = PBXFileReference; lastKnownFileType = sourcecode.c.h; path = PrincipalViewController.h; sourceTree = "<group>"; };
		A73EC8DC19C10A3E00B9153A /* PrincipalViewController.m */ = {isa = PBXFileReference; lastKnownFileType = sourcecode.c.objc; path = PrincipalViewController.m; sourceTree = "<group>"; };
		AA11AC2719E1B4D200A9B067 /* ServicosViewController.h */ = {isa = PBXFileReference; fileEncoding = 4; lastKnownFileType = sourcecode.c.h; path = ServicosViewController.h; sourceTree = "<group>"; };
		AA11AC2819E1B4D200A9B067 /* ServicosViewController.m */ = {isa = PBXFileReference; fileEncoding = 4; lastKnownFileType = sourcecode.c.objc; path = ServicosViewController.m; sourceTree = "<group>"; };
		AA11AC2A19E1C26200A9B067 /* kylie.jpg */ = {isa = PBXFileReference; lastKnownFileType = image.jpeg; path = kylie.jpg; sourceTree = "<group>"; };
		AA4B100519E2E09E000111C5 /* Images.xcassets */ = {isa = PBXFileReference; lastKnownFileType = folder.assetcatalog; path = Images.xcassets; sourceTree = "<group>"; };
		AACF268919D9ABC100DCC094 /* GoogleMaps.framework */ = {isa = PBXFileReference; lastKnownFileType = wrapper.framework; path = GoogleMaps.framework; sourceTree = "<group>"; };
		AACF268B19D9ABEC00DCC094 /* GoogleMaps.bundle */ = {isa = PBXFileReference; lastKnownFileType = "wrapper.plug-in"; name = GoogleMaps.bundle; path = GoogleMaps.framework/Versions/A/Resources/GoogleMaps.bundle; sourceTree = "<group>"; };
		AACF268D19D9AC1E00DCC094 /* AVFoundation.framework */ = {isa = PBXFileReference; lastKnownFileType = wrapper.framework; name = AVFoundation.framework; path = System/Library/Frameworks/AVFoundation.framework; sourceTree = SDKROOT; };
		AACF268F19D9AC2C00DCC094 /* CoreData.framework */ = {isa = PBXFileReference; lastKnownFileType = wrapper.framework; name = CoreData.framework; path = System/Library/Frameworks/CoreData.framework; sourceTree = SDKROOT; };
		AACF269119D9AC4200DCC094 /* CoreText.framework */ = {isa = PBXFileReference; lastKnownFileType = wrapper.framework; name = CoreText.framework; path = System/Library/Frameworks/CoreText.framework; sourceTree = SDKROOT; };
		AACF269319D9AC5300DCC094 /* GLKit.framework */ = {isa = PBXFileReference; lastKnownFileType = wrapper.framework; name = GLKit.framework; path = System/Library/Frameworks/GLKit.framework; sourceTree = SDKROOT; };
		AACF269519D9AC5E00DCC094 /* ImageIO.framework */ = {isa = PBXFileReference; lastKnownFileType = wrapper.framework; name = ImageIO.framework; path = System/Library/Frameworks/ImageIO.framework; sourceTree = SDKROOT; };
		AACF269719D9AC6900DCC094 /* libc++.dylib */ = {isa = PBXFileReference; lastKnownFileType = "compiled.mach-o.dylib"; name = "libc++.dylib"; path = "usr/lib/libc++.dylib"; sourceTree = SDKROOT; };
		AACF269919D9AC7300DCC094 /* libicucore.dylib */ = {isa = PBXFileReference; lastKnownFileType = "compiled.mach-o.dylib"; name = libicucore.dylib; path = usr/lib/libicucore.dylib; sourceTree = SDKROOT; };
		AACF269B19D9AC8500DCC094 /* OpenGLES.framework */ = {isa = PBXFileReference; lastKnownFileType = wrapper.framework; name = OpenGLES.framework; path = System/Library/Frameworks/OpenGLES.framework; sourceTree = SDKROOT; };
		AACF269D19D9BDB300DCC094 /* GoogleMapsTestViewController.h */ = {isa = PBXFileReference; fileEncoding = 4; lastKnownFileType = sourcecode.c.h; path = GoogleMapsTestViewController.h; sourceTree = "<group>"; };
		AACF269E19D9BDB300DCC094 /* GoogleMapsTestViewController.m */ = {isa = PBXFileReference; fileEncoding = 4; lastKnownFileType = sourcecode.c.objc; path = GoogleMapsTestViewController.m; sourceTree = "<group>"; };
		AACF26A019D9CB3000DCC094 /* Social.framework */ = {isa = PBXFileReference; lastKnownFileType = wrapper.framework; name = Social.framework; path = System/Library/Frameworks/Social.framework; sourceTree = SDKROOT; };
		AACF26A219D9CB4500DCC094 /* Accounts.framework */ = {isa = PBXFileReference; lastKnownFileType = wrapper.framework; name = Accounts.framework; path = System/Library/Frameworks/Accounts.framework; sourceTree = SDKROOT; };
		AACF26A919D9CF6500DCC094 /* FBMissingSymbols.m */ = {isa = PBXFileReference; fileEncoding = 4; lastKnownFileType = sourcecode.c.objc; name = FBMissingSymbols.m; path = ../FBMissingSymbols.m; sourceTree = "<group>"; };
		AAFC2F7119D99B6800169568 /* Default.png */ = {isa = PBXFileReference; lastKnownFileType = image.png; name = Default.png; path = ../Default.png; sourceTree = "<group>"; };
		D80D076C19CDCD4900CB1ED6 /* logotipo.png */ = {isa = PBXFileReference; lastKnownFileType = image.png; path = logotipo.png; sourceTree = "<group>"; };
		D80D076E19CDCFFD00CB1ED6 /* CadastroViewController.h */ = {isa = PBXFileReference; fileEncoding = 4; lastKnownFileType = sourcecode.c.h; path = CadastroViewController.h; sourceTree = "<group>"; };
		D80D076F19CDCFFD00CB1ED6 /* CadastroViewController.m */ = {isa = PBXFileReference; fileEncoding = 4; lastKnownFileType = sourcecode.c.objc; path = CadastroViewController.m; sourceTree = "<group>"; };
		D8AE62F119D6F91400BA00BA /* Bolts.framework */ = {isa = PBXFileReference; lastKnownFileType = wrapper.framework; path = Bolts.framework; sourceTree = "<group>"; };
		D8AE62F219D6F91400BA00BA /* Parse.framework */ = {isa = PBXFileReference; lastKnownFileType = wrapper.framework; path = Parse.framework; sourceTree = "<group>"; };
		D8AE62F519D6F94800BA00BA /* AudioToolbox.framework */ = {isa = PBXFileReference; lastKnownFileType = wrapper.framework; name = AudioToolbox.framework; path = System/Library/Frameworks/AudioToolbox.framework; sourceTree = SDKROOT; };
		D8AE62F719D6F95800BA00BA /* CFNetwork.framework */ = {isa = PBXFileReference; lastKnownFileType = wrapper.framework; name = CFNetwork.framework; path = System/Library/Frameworks/CFNetwork.framework; sourceTree = SDKROOT; };
		D8AE62F919D6F97100BA00BA /* CoreLocation.framework */ = {isa = PBXFileReference; lastKnownFileType = wrapper.framework; name = CoreLocation.framework; path = System/Library/Frameworks/CoreLocation.framework; sourceTree = SDKROOT; };
		D8AE62FB19D6F97F00BA00BA /* libz.dylib */ = {isa = PBXFileReference; lastKnownFileType = "compiled.mach-o.dylib"; name = libz.dylib; path = usr/lib/libz.dylib; sourceTree = SDKROOT; };
		D8AE62FD19D6F98E00BA00BA /* MobileCoreServices.framework */ = {isa = PBXFileReference; lastKnownFileType = wrapper.framework; name = MobileCoreServices.framework; path = System/Library/Frameworks/MobileCoreServices.framework; sourceTree = SDKROOT; };
		D8AE62FF19D6F99900BA00BA /* QuartzCore.framework */ = {isa = PBXFileReference; lastKnownFileType = wrapper.framework; name = QuartzCore.framework; path = System/Library/Frameworks/QuartzCore.framework; sourceTree = SDKROOT; };
		D8AE630119D6F9AA00BA00BA /* Security.framework */ = {isa = PBXFileReference; lastKnownFileType = wrapper.framework; name = Security.framework; path = System/Library/Frameworks/Security.framework; sourceTree = SDKROOT; };
		D8AE630319D6F9B500BA00BA /* StoreKit.framework */ = {isa = PBXFileReference; lastKnownFileType = wrapper.framework; name = StoreKit.framework; path = System/Library/Frameworks/StoreKit.framework; sourceTree = SDKROOT; };
		D8AE630519D6F9C300BA00BA /* SystemConfiguration.framework */ = {isa = PBXFileReference; lastKnownFileType = wrapper.framework; name = SystemConfiguration.framework; path = System/Library/Frameworks/SystemConfiguration.framework; sourceTree = SDKROOT; };
/* End PBXFileReference section */

/* Begin PBXFrameworksBuildPhase section */
		A73EC8BA19C10A3D00B9153A /* Frameworks */ = {
			isa = PBXFrameworksBuildPhase;
			buildActionMask = 2147483647;
			files = (
				D8AE62FA19D6F97100BA00BA /* CoreLocation.framework in Frameworks */,
				AACF26A319D9CB4500DCC094 /* Accounts.framework in Frameworks */,
				AACF26A119D9CB3000DCC094 /* Social.framework in Frameworks */,
				D8AE630619D6F9C300BA00BA /* SystemConfiguration.framework in Frameworks */,
				D8AE630019D6F99900BA00BA /* QuartzCore.framework in Frameworks */,
				AACF269C19D9AC8500DCC094 /* OpenGLES.framework in Frameworks */,
				D8AE62FC19D6F97F00BA00BA /* libz.dylib in Frameworks */,
				AACF269A19D9AC7300DCC094 /* libicucore.dylib in Frameworks */,
				AACF269819D9AC6900DCC094 /* libc++.dylib in Frameworks */,
				AACF269619D9AC5E00DCC094 /* ImageIO.framework in Frameworks */,
				AACF269419D9AC5300DCC094 /* GLKit.framework in Frameworks */,
				AACF269219D9AC4200DCC094 /* CoreText.framework in Frameworks */,
				AACF269019D9AC2C00DCC094 /* CoreData.framework in Frameworks */,
				AACF268E19D9AC1E00DCC094 /* AVFoundation.framework in Frameworks */,
				D8AE630419D6F9B500BA00BA /* StoreKit.framework in Frameworks */,
				D8AE630219D6F9AA00BA00BA /* Security.framework in Frameworks */,
				AACF268A19D9ABC100DCC094 /* GoogleMaps.framework in Frameworks */,
				D8AE62FE19D6F98E00BA00BA /* MobileCoreServices.framework in Frameworks */,
				A73EC8C519C10A3D00B9153A /* CoreGraphics.framework in Frameworks */,
				D8AE62F819D6F95800BA00BA /* CFNetwork.framework in Frameworks */,
				D8AE62F619D6F94800BA00BA /* AudioToolbox.framework in Frameworks */,
				A73EC8C119C10A3D00B9153A /* UIKit.framework in Frameworks */,
				A73EC8C319C10A3D00B9153A /* Foundation.framework in Frameworks */,
				D8AE62F319D6F91400BA00BA /* Bolts.framework in Frameworks */,
				D8AE62F419D6F91400BA00BA /* Parse.framework in Frameworks */,
			);
			runOnlyForDeploymentPostprocessing = 0;
		};
/* End PBXFrameworksBuildPhase section */

/* Begin PBXGroup section */
		A73EC8B419C10A3D00B9153A = {
			isa = PBXGroup;
			children = (
				A73EC8C619C10A3D00B9153A /* mygeosale */,
				A73EC8BF19C10A3D00B9153A /* Frameworks */,
				A73EC8BE19C10A3D00B9153A /* Products */,
			);
			sourceTree = "<group>";
		};
		A73EC8BE19C10A3D00B9153A /* Products */ = {
			isa = PBXGroup;
			children = (
				A73EC8BD19C10A3D00B9153A /* mygeosale.app */,
			);
			name = Products;
			sourceTree = "<group>";
		};
		A73EC8BF19C10A3D00B9153A /* Frameworks */ = {
			isa = PBXGroup;
			children = (
				AACF26A219D9CB4500DCC094 /* Accounts.framework */,
				AACF26A019D9CB3000DCC094 /* Social.framework */,
				AACF269B19D9AC8500DCC094 /* OpenGLES.framework */,
				AACF269919D9AC7300DCC094 /* libicucore.dylib */,
				AACF269719D9AC6900DCC094 /* libc++.dylib */,
				AACF269519D9AC5E00DCC094 /* ImageIO.framework */,
				AACF269319D9AC5300DCC094 /* GLKit.framework */,
				AACF269119D9AC4200DCC094 /* CoreText.framework */,
				AACF268F19D9AC2C00DCC094 /* CoreData.framework */,
				AACF268D19D9AC1E00DCC094 /* AVFoundation.framework */,
				AACF268B19D9ABEC00DCC094 /* GoogleMaps.bundle */,
				AACF268919D9ABC100DCC094 /* GoogleMaps.framework */,
				D8AE62F119D6F91400BA00BA /* Bolts.framework */,
				D8AE62F219D6F91400BA00BA /* Parse.framework */,
				D8AE630519D6F9C300BA00BA /* SystemConfiguration.framework */,
				D8AE630319D6F9B500BA00BA /* StoreKit.framework */,
				D8AE630119D6F9AA00BA00BA /* Security.framework */,
				D8AE62FF19D6F99900BA00BA /* QuartzCore.framework */,
				D8AE62FD19D6F98E00BA00BA /* MobileCoreServices.framework */,
				D8AE62FB19D6F97F00BA00BA /* libz.dylib */,
				D8AE62F919D6F97100BA00BA /* CoreLocation.framework */,
				D8AE62F719D6F95800BA00BA /* CFNetwork.framework */,
				D8AE62F519D6F94800BA00BA /* AudioToolbox.framework */,
				A73EC8C019C10A3D00B9153A /* UIKit.framework */,
				A73EC8C219C10A3D00B9153A /* Foundation.framework */,
				A73EC8C419C10A3D00B9153A /* CoreGraphics.framework */,
			);
			name = Frameworks;
			sourceTree = "<group>";
		};
		A73EC8C619C10A3D00B9153A /* mygeosale */ = {
			isa = PBXGroup;
			children = (
				AA11AC2A19E1C26200A9B067 /* kylie.jpg */,
				AACF26A919D9CF6500DCC094 /* FBMissingSymbols.m */,
				A73EC8CF19C10A3D00B9153A /* PrincipalAppDelegate.h */,
				A73EC8D019C10A3D00B9153A /* PrincipalAppDelegate.m */,
				A73EC8D819C10A3E00B9153A /* MainStoryboard.storyboard */,
				AA11AC2719E1B4D200A9B067 /* ServicosViewController.h */,
				AA11AC2819E1B4D200A9B067 /* ServicosViewController.m */,
				AACF269D19D9BDB300DCC094 /* GoogleMapsTestViewController.h */,
				AACF269E19D9BDB300DCC094 /* GoogleMapsTestViewController.m */,
				D80D076E19CDCFFD00CB1ED6 /* CadastroViewController.h */,
				D80D076F19CDCFFD00CB1ED6 /* CadastroViewController.m */,
				D80D076C19CDCD4900CB1ED6 /* logotipo.png */,
				A73EC8DB19C10A3E00B9153A /* PrincipalViewController.h */,
				A73EC8DC19C10A3E00B9153A /* PrincipalViewController.m */,
				AA4B100519E2E09E000111C5 /* Images.xcassets */,
				A73EC8C719C10A3D00B9153A /* Supporting Files */,
			);
			path = mygeosale;
			sourceTree = "<group>";
		};
		A73EC8C719C10A3D00B9153A /* Supporting Files */ = {
			isa = PBXGroup;
			children = (
				AAFC2F7119D99B6800169568 /* Default.png */,
				A73EC8C819C10A3D00B9153A /* mygeosale-Info.plist */,
				A73EC8C919C10A3D00B9153A /* InfoPlist.strings */,
				A73EC8CC19C10A3D00B9153A /* main.m */,
				A73EC8CE19C10A3D00B9153A /* mygeosale-Prefix.pch */,
				A73EC8D419C10A3D00B9153A /* Default@2x.png */,
				A73EC8D619C10A3E00B9153A /* Default-568h@2x.png */,
			);
			name = "Supporting Files";
			sourceTree = "<group>";
		};
/* End PBXGroup section */

/* Begin PBXNativeTarget section */
		A73EC8BC19C10A3D00B9153A /* mygeosale */ = {
			isa = PBXNativeTarget;
			buildConfigurationList = A73EC8E019C10A3E00B9153A /* Build configuration list for PBXNativeTarget "mygeosale" */;
			buildPhases = (
				A73EC8B919C10A3D00B9153A /* Sources */,
				A73EC8BA19C10A3D00B9153A /* Frameworks */,
				A73EC8BB19C10A3D00B9153A /* Resources */,
			);
			buildRules = (
			);
			dependencies = (
			);
			name = mygeosale;
			productName = mygeosale;
			productReference = A73EC8BD19C10A3D00B9153A /* mygeosale.app */;
			productType = "com.apple.product-type.application";
		};
/* End PBXNativeTarget section */

/* Begin PBXProject section */
		A73EC8B519C10A3D00B9153A /* Project object */ = {
			isa = PBXProject;
			attributes = {
				CLASSPREFIX = Principal;
				LastUpgradeCheck = 0460;
				ORGANIZATIONNAME = mygeosale;
			};
			buildConfigurationList = A73EC8B819C10A3D00B9153A /* Build configuration list for PBXProject "mygeosale" */;
			compatibilityVersion = "Xcode 3.2";
			developmentRegion = English;
			hasScannedForEncodings = 0;
			knownRegions = (
				en,
				ar,
				ca,
				cs,
				da,
				de,
				el,
				en_GB,
				es,
				fi,
				fr,
				he,
				hr,
				hu,
				id,
				it,
				ja,
				ko,
				ms,
				nl,
				no,
				pl,
				pt,
				pt_PT,
				ro,
				ru,
				sk,
				sv,
				th,
				tr,
				uk,
				vi,
				zh_CN,
				zh_TW,
			);
			mainGroup = A73EC8B419C10A3D00B9153A;
			productRefGroup = A73EC8BE19C10A3D00B9153A /* Products */;
			projectDirPath = "";
			projectRoot = "";
			targets = (
				A73EC8BC19C10A3D00B9153A /* mygeosale */,
			);
		};
/* End PBXProject section */

/* Begin PBXResourcesBuildPhase section */
		A73EC8BB19C10A3D00B9153A /* Resources */ = {
			isa = PBXResourcesBuildPhase;
			buildActionMask = 2147483647;
			files = (
				AA4B100619E2E09E000111C5 /* Images.xcassets in Resources */,
				D80D076D19CDCD4900CB1ED6 /* logotipo.png in Resources */,
				A73EC8CB19C10A3D00B9153A /* InfoPlist.strings in Resources */,
				A73EC8D519C10A3D00B9153A /* Default@2x.png in Resources */,
				AAFC2F7219D99B6800169568 /* Default.png in Resources */,
				A73EC8D719C10A3E00B9153A /* Default-568h@2x.png in Resources */,
				A73EC8DA19C10A3E00B9153A /* MainStoryboard.storyboard in Resources */,
				AA11AC2B19E1C26200A9B067 /* kylie.jpg in Resources */,
				AACF268C19D9ABEC00DCC094 /* GoogleMaps.bundle in Resources */,
			);
			runOnlyForDeploymentPostprocessing = 0;
		};
/* End PBXResourcesBuildPhase section */

/* Begin PBXSourcesBuildPhase section */
		A73EC8B919C10A3D00B9153A /* Sources */ = {
			isa = PBXSourcesBuildPhase;
			buildActionMask = 2147483647;
			files = (
				AA11AC2919E1B4D200A9B067 /* ServicosViewController.m in Sources */,
				AACF26AA19D9CF6500DCC094 /* FBMissingSymbols.m in Sources */,
				A73EC8CD19C10A3D00B9153A /* main.m in Sources */,
				AACF269F19D9BDB300DCC094 /* GoogleMapsTestViewController.m in Sources */,
				A73EC8D119C10A3D00B9153A /* PrincipalAppDelegate.m in Sources */,
				A73EC8DD19C10A3E00B9153A /* PrincipalViewController.m in Sources */,
				D80D077019CDCFFD00CB1ED6 /* CadastroViewController.m in Sources */,
			);
			runOnlyForDeploymentPostprocessing = 0;
		};
/* End PBXSourcesBuildPhase section */

/* Begin PBXVariantGroup section */
		A73EC8C919C10A3D00B9153A /* InfoPlist.strings */ = {
			isa = PBXVariantGroup;
			children = (
				A73EC8CA19C10A3D00B9153A /* en */,
			);
			name = InfoPlist.strings;
			sourceTree = "<group>";
		};
		A73EC8D819C10A3E00B9153A /* MainStoryboard.storyboard */ = {
			isa = PBXVariantGroup;
			children = (
				A73EC8D919C10A3E00B9153A /* en */,
			);
			name = MainStoryboard.storyboard;
			sourceTree = "<group>";
		};
/* End PBXVariantGroup section */

/* Begin XCBuildConfiguration section */
		A73EC8DE19C10A3E00B9153A /* Debug */ = {
			isa = XCBuildConfiguration;
			buildSettings = {
				ALWAYS_SEARCH_USER_PATHS = NO;
				CLANG_CXX_LANGUAGE_STANDARD = "gnu++0x";
				CLANG_CXX_LIBRARY = "libc++";
				CLANG_ENABLE_OBJC_ARC = YES;
				CLANG_WARN_CONSTANT_CONVERSION = YES;
				CLANG_WARN_EMPTY_BODY = YES;
				CLANG_WARN_ENUM_CONVERSION = YES;
				CLANG_WARN_INT_CONVERSION = YES;
				CLANG_WARN__DUPLICATE_METHOD_MATCH = YES;
				"CODE_SIGN_IDENTITY[sdk=iphoneos*]" = "iPhone Developer";
				COPY_PHASE_STRIP = NO;
				GCC_C_LANGUAGE_STANDARD = gnu99;
				GCC_DYNAMIC_NO_PIC = NO;
				GCC_OPTIMIZATION_LEVEL = 0;
				GCC_PREPROCESSOR_DEFINITIONS = (
					"DEBUG=1",
					"$(inherited)",
				);
				GCC_SYMBOLS_PRIVATE_EXTERN = NO;
				GCC_WARN_ABOUT_RETURN_TYPE = YES;
				GCC_WARN_UNINITIALIZED_AUTOS = YES;
				GCC_WARN_UNUSED_VARIABLE = YES;
				IPHONEOS_DEPLOYMENT_TARGET = 6.1;
				ONLY_ACTIVE_ARCH = YES;
				SDKROOT = iphoneos;
			};
			name = Debug;
		};
		A73EC8DF19C10A3E00B9153A /* Release */ = {
			isa = XCBuildConfiguration;
			buildSettings = {
				ALWAYS_SEARCH_USER_PATHS = NO;
				CLANG_CXX_LANGUAGE_STANDARD = "gnu++0x";
				CLANG_CXX_LIBRARY = "libc++";
				CLANG_ENABLE_OBJC_ARC = YES;
				CLANG_WARN_CONSTANT_CONVERSION = YES;
				CLANG_WARN_EMPTY_BODY = YES;
				CLANG_WARN_ENUM_CONVERSION = YES;
				CLANG_WARN_INT_CONVERSION = YES;
				CLANG_WARN__DUPLICATE_METHOD_MATCH = YES;
				"CODE_SIGN_IDENTITY[sdk=iphoneos*]" = "iPhone Developer";
				COPY_PHASE_STRIP = YES;
				GCC_C_LANGUAGE_STANDARD = gnu99;
				GCC_WARN_ABOUT_RETURN_TYPE = YES;
				GCC_WARN_UNINITIALIZED_AUTOS = YES;
				GCC_WARN_UNUSED_VARIABLE = YES;
				IPHONEOS_DEPLOYMENT_TARGET = 6.1;
				OTHER_CFLAGS = "-DNS_BLOCK_ASSERTIONS=1";
				SDKROOT = iphoneos;
				VALIDATE_PRODUCT = YES;
			};
			name = Release;
		};
		A73EC8E119C10A3E00B9153A /* Debug */ = {
			isa = XCBuildConfiguration;
			buildSettings = {
				ASSETCATALOG_COMPILER_APPICON_NAME = AppIcon;
				ASSETCATALOG_COMPILER_LAUNCHIMAGE_NAME = LaunchImage;
				FRAMEWORK_SEARCH_PATHS = (
					"$(inherited)",
					"$(PROJECT_DIR)",
					"$(PROJECT_DIR)/GoogleMaps-iOS-1.8.1",
					"$(PROJECT_DIR)/GoogleMaps-iOS-1.8.1/GoogleMapsSDKDemos",
					/Users/adrianas/Documents/FacebookSDK,
				);
				GCC_PRECOMPILE_PREFIX_HEADER = YES;
				GCC_PREFIX_HEADER = "mygeosale/mygeosale-Prefix.pch";
				INFOPLIST_FILE = "mygeosale/mygeosale-Info.plist";
				IPHONEOS_DEPLOYMENT_TARGET = 7.0;
				New_Setting = "";
				OTHER_LDFLAGS = "";
				"OTHER_LDFLAGS[arch=*]" = "-ObjC";
				PRODUCT_NAME = "$(TARGET_NAME)";
				WRAPPER_EXTENSION = app;
			};
			name = Debug;
		};
		A73EC8E219C10A3E00B9153A /* Release */ = {
			isa = XCBuildConfiguration;
			buildSettings = {
				ASSETCATALOG_COMPILER_APPICON_NAME = AppIcon;
				ASSETCATALOG_COMPILER_LAUNCHIMAGE_NAME = LaunchImage;
				FRAMEWORK_SEARCH_PATHS = (
					"$(inherited)",
					"$(PROJECT_DIR)",
					"$(PROJECT_DIR)/GoogleMaps-iOS-1.8.1",
					"$(PROJECT_DIR)/GoogleMaps-iOS-1.8.1/GoogleMapsSDKDemos",
					/Users/adrianas/Documents/FacebookSDK,
				);
				GCC_PRECOMPILE_PREFIX_HEADER = YES;
				GCC_PREFIX_HEADER = "mygeosale/mygeosale-Prefix.pch";
				INFOPLIST_FILE = "mygeosale/mygeosale-Info.plist";
				IPHONEOS_DEPLOYMENT_TARGET = 7.0;
				New_Setting = "";
				OTHER_LDFLAGS = "";
				"OTHER_LDFLAGS[arch=*]" = "-ObjC";
				PRODUCT_NAME = "$(TARGET_NAME)";
				WRAPPER_EXTENSION = app;
			};
			name = Release;
		};
/* End XCBuildConfiguration section */

/* Begin XCConfigurationList section */
		A73EC8B819C10A3D00B9153A /* Build configuration list for PBXProject "mygeosale" */ = {
			isa = XCConfigurationList;
			buildConfigurations = (
				A73EC8DE19C10A3E00B9153A /* Debug */,
				A73EC8DF19C10A3E00B9153A /* Release */,
			);
			defaultConfigurationIsVisible = 0;
			defaultConfigurationName = Release;
		};
		A73EC8E019C10A3E00B9153A /* Build configuration list for PBXNativeTarget "mygeosale" */ = {
			isa = XCConfigurationList;
			buildConfigurations = (
				A73EC8E119C10A3E00B9153A /* Debug */,
				A73EC8E219C10A3E00B9153A /* Release */,
			);
			defaultConfigurationIsVisible = 0;
			defaultConfigurationName = Release;
		};
/* End XCConfigurationList section */
	};
	rootObject = A73EC8B519C10A3D00B9153A /* Project object */;
}
